// !$*UTF8*$!
{
	archiveVersion = 1;
	classes = {
	};
	objectVersion = 51;
	objects = {

/* Begin PBXBuildFile section */
		0E2AFE376AF4A25BDCE9C485 /* Pods_test_gladeTests.framework in Frameworks */ = {isa = PBXBuildFile; fileRef = 88CBBF94506251B568D8D63C /* Pods_test_gladeTests.framework */; };
		9635EA812558BE47009C3950 /* Token.swift in Sources */ = {isa = PBXBuildFile; fileRef = 9635EA802558BE47009C3950 /* Token.swift */; };
		9639207125632BEE00D5FE7E /* HomeViewController.swift in Sources */ = {isa = PBXBuildFile; fileRef = 9639207025632BEE00D5FE7E /* HomeViewController.swift */; };
		9639207A25632CD700D5FE7E /* HomeCellBuilder.swift in Sources */ = {isa = PBXBuildFile; fileRef = 9639207925632CD700D5FE7E /* HomeCellBuilder.swift */; };
		9639207F25632CED00D5FE7E /* HomeLayoutBuilder.swift in Sources */ = {isa = PBXBuildFile; fileRef = 9639207E25632CED00D5FE7E /* HomeLayoutBuilder.swift */; };
		9639208425632DD400D5FE7E /* HomeSongCollectionViewCell.swift in Sources */ = {isa = PBXBuildFile; fileRef = 9639208325632DD400D5FE7E /* HomeSongCollectionViewCell.swift */; };
		963920A52563492000D5FE7E /* HomeArtistCollectionViewCell.swift in Sources */ = {isa = PBXBuildFile; fileRef = 963920A42563491F00D5FE7E /* HomeArtistCollectionViewCell.swift */; };
		963920AA256350D500D5FE7E /* HomeSectionHeader.swift in Sources */ = {isa = PBXBuildFile; fileRef = 963920A9256350D500D5FE7E /* HomeSectionHeader.swift */; };
		963920B225635AAE00D5FE7E /* HomeSchoolCollectionViewCell.swift in Sources */ = {isa = PBXBuildFile; fileRef = 963920B125635AAE00D5FE7E /* HomeSchoolCollectionViewCell.swift */; };
		963920C82563A2CC00D5FE7E /* Kingfisher.framework in Frameworks */ = {isa = PBXBuildFile; fileRef = 963920BF2563A2BF00D5FE7E /* Kingfisher.framework */; };
		963DCAFB2535560500224983 /* Constants.swift in Sources */ = {isa = PBXBuildFile; fileRef = 963DCAFA2535560500224983 /* Constants.swift */; };
		9642D453256073B90052DA58 /* GoogleService-Info.plist in Resources */ = {isa = PBXBuildFile; fileRef = 9642D452256073B90052DA58 /* GoogleService-Info.plist */; };
		9642E1A12542BF8E00296387 /* Alamofire.framework in Frameworks */ = {isa = PBXBuildFile; fileRef = 9642E1982542BF7100296387 /* Alamofire.framework */; };
		9642E1CF254401D200296387 /* User.swift in Sources */ = {isa = PBXBuildFile; fileRef = 9642E1CE254401D200296387 /* User.swift */; };
		968347D525354CF900B2B2E7 /* SpotifyiOS.framework in Frameworks */ = {isa = PBXBuildFile; fileRef = 968347D425354CF900B2B2E7 /* SpotifyiOS.framework */; };
		969995B8255F5BA600F18474 /* DataStorage.swift in Sources */ = {isa = PBXBuildFile; fileRef = 969995B7255F5BA600F18474 /* DataStorage.swift */; };
		969BD357253B91BE00205CC4 /* DescriptionViewController.swift in Sources */ = {isa = PBXBuildFile; fileRef = 969BD356253B91BE00205CC4 /* DescriptionViewController.swift */; };
		969BD35C253BA20800205CC4 /* SocialsViewController.swift in Sources */ = {isa = PBXBuildFile; fileRef = 969BD35B253BA20800205CC4 /* SocialsViewController.swift */; };
		96C719382559000F00B30BAE /* Account.swift in Sources */ = {isa = PBXBuildFile; fileRef = 96C719372559000F00B30BAE /* Account.swift */; };
		96CA7FD8253162D700C221DE /* AppDelegate.swift in Sources */ = {isa = PBXBuildFile; fileRef = 96CA7FD7253162D700C221DE /* AppDelegate.swift */; };
		96CA7FDA253162D700C221DE /* SceneDelegate.swift in Sources */ = {isa = PBXBuildFile; fileRef = 96CA7FD9253162D700C221DE /* SceneDelegate.swift */; };
		96CA7FDC253162D700C221DE /* StartViewController.swift in Sources */ = {isa = PBXBuildFile; fileRef = 96CA7FDB253162D700C221DE /* StartViewController.swift */; };
		96CA7FDF253162D700C221DE /* Main.storyboard in Resources */ = {isa = PBXBuildFile; fileRef = 96CA7FDD253162D700C221DE /* Main.storyboard */; };
		96CA7FE1253162D900C221DE /* Assets.xcassets in Resources */ = {isa = PBXBuildFile; fileRef = 96CA7FE0253162D900C221DE /* Assets.xcassets */; };
		96CA7FE4253162D900C221DE /* LaunchScreen.storyboard in Resources */ = {isa = PBXBuildFile; fileRef = 96CA7FE2253162D900C221DE /* LaunchScreen.storyboard */; };
		96CA7FEF253162D900C221DE /* test_gladeTests.swift in Sources */ = {isa = PBXBuildFile; fileRef = 96CA7FEE253162D900C221DE /* test_gladeTests.swift */; };
		96CA7FFA253162D900C221DE /* test_gladeUITests.swift in Sources */ = {isa = PBXBuildFile; fileRef = 96CA7FF9253162D900C221DE /* test_gladeUITests.swift */; };
		96CA80C22532DD5600C221DE /* SpotifyConnectViewController.swift in Sources */ = {isa = PBXBuildFile; fileRef = 96CA80C12532DD5600C221DE /* SpotifyConnectViewController.swift */; };
		96CA80D2253385AE00C221DE /* SchoolScrollViewController.swift in Sources */ = {isa = PBXBuildFile; fileRef = 96CA80D1253385AE00C221DE /* SchoolScrollViewController.swift */; };
		96CA80E32533881500C221DE /* SchoolCollectionViewCell.swift in Sources */ = {isa = PBXBuildFile; fileRef = 96CA80E12533881500C221DE /* SchoolCollectionViewCell.swift */; };
		96CA80E42533881500C221DE /* SchoolCollectionViewCell.xib in Resources */ = {isa = PBXBuildFile; fileRef = 96CA80E22533881500C221DE /* SchoolCollectionViewCell.xib */; };
		96DB9C2A255C867C00542872 /* Artist.swift in Sources */ = {isa = PBXBuildFile; fileRef = 96DB9C29255C867C00542872 /* Artist.swift */; };
		96DB9C2F255C905B00542872 /* Song.swift in Sources */ = {isa = PBXBuildFile; fileRef = 96DB9C2E255C905B00542872 /* Song.swift */; };
		C6D5B76EE38A2B04FF0890C1 /* Pods_test_glade_test_gladeUITests.framework in Frameworks */ = {isa = PBXBuildFile; fileRef = CEF482A14B5827EDBBA5FCD6 /* Pods_test_glade_test_gladeUITests.framework */; };
		FF6F470D83DFAC9D3823EA55 /* Pods_test_glade.framework in Frameworks */ = {isa = PBXBuildFile; fileRef = F6E56D76E621200679009201 /* Pods_test_glade.framework */; };
/* End PBXBuildFile section */

/* Begin PBXContainerItemProxy section */
		96CA7FEB253162D900C221DE /* PBXContainerItemProxy */ = {
			isa = PBXContainerItemProxy;
			containerPortal = 96CA7FCC253162D700C221DE /* Project object */;
			proxyType = 1;
			remoteGlobalIDString = 96CA7FD3253162D700C221DE;
			remoteInfo = "test-glade";
		};
		96CA7FF6253162D900C221DE /* PBXContainerItemProxy */ = {
			isa = PBXContainerItemProxy;
			containerPortal = 96CA7FCC253162D700C221DE /* Project object */;
			proxyType = 1;
			remoteGlobalIDString = 96CA7FD3253162D700C221DE;
			remoteInfo = "test-glade";
		};
/* End PBXContainerItemProxy section */

/* Begin PBXFileReference section */
		103FE5D1DDCDDA232DAD58F6 /* Pods-test-glade-test-gladeUITests.release.xcconfig */ = {isa = PBXFileReference; includeInIndex = 1; lastKnownFileType = text.xcconfig; name = "Pods-test-glade-test-gladeUITests.release.xcconfig"; path = "Target Support Files/Pods-test-glade-test-gladeUITests/Pods-test-glade-test-gladeUITests.release.xcconfig"; sourceTree = "<group>"; };
		244473DD6554C7EBAC8ABD15 /* Pods-test-glade.release.xcconfig */ = {isa = PBXFileReference; includeInIndex = 1; lastKnownFileType = text.xcconfig; name = "Pods-test-glade.release.xcconfig"; path = "Target Support Files/Pods-test-glade/Pods-test-glade.release.xcconfig"; sourceTree = "<group>"; };
		3935A41F7DF4372A4D73A3BF /* Pods-test-glade-test-gladeUITests.debug.xcconfig */ = {isa = PBXFileReference; includeInIndex = 1; lastKnownFileType = text.xcconfig; name = "Pods-test-glade-test-gladeUITests.debug.xcconfig"; path = "Target Support Files/Pods-test-glade-test-gladeUITests/Pods-test-glade-test-gladeUITests.debug.xcconfig"; sourceTree = "<group>"; };
		6F2C0ED7D4AD70857E5C4085 /* Pods-test-gladeTests.debug.xcconfig */ = {isa = PBXFileReference; includeInIndex = 1; lastKnownFileType = text.xcconfig; name = "Pods-test-gladeTests.debug.xcconfig"; path = "Target Support Files/Pods-test-gladeTests/Pods-test-gladeTests.debug.xcconfig"; sourceTree = "<group>"; };
		88CBBF94506251B568D8D63C /* Pods_test_gladeTests.framework */ = {isa = PBXFileReference; explicitFileType = wrapper.framework; includeInIndex = 0; path = Pods_test_gladeTests.framework; sourceTree = BUILT_PRODUCTS_DIR; };
		9635EA802558BE47009C3950 /* Token.swift */ = {isa = PBXFileReference; lastKnownFileType = sourcecode.swift; path = Token.swift; sourceTree = "<group>"; };
		9639207025632BEE00D5FE7E /* HomeViewController.swift */ = {isa = PBXFileReference; lastKnownFileType = sourcecode.swift; path = HomeViewController.swift; sourceTree = "<group>"; };
		9639207925632CD700D5FE7E /* HomeCellBuilder.swift */ = {isa = PBXFileReference; lastKnownFileType = sourcecode.swift; path = HomeCellBuilder.swift; sourceTree = "<group>"; };
		9639207E25632CED00D5FE7E /* HomeLayoutBuilder.swift */ = {isa = PBXFileReference; lastKnownFileType = sourcecode.swift; path = HomeLayoutBuilder.swift; sourceTree = "<group>"; };
		9639208325632DD400D5FE7E /* HomeSongCollectionViewCell.swift */ = {isa = PBXFileReference; lastKnownFileType = sourcecode.swift; path = HomeSongCollectionViewCell.swift; sourceTree = "<group>"; };
		963920A42563491F00D5FE7E /* HomeArtistCollectionViewCell.swift */ = {isa = PBXFileReference; lastKnownFileType = sourcecode.swift; path = HomeArtistCollectionViewCell.swift; sourceTree = "<group>"; };
		963920A9256350D500D5FE7E /* HomeSectionHeader.swift */ = {isa = PBXFileReference; lastKnownFileType = sourcecode.swift; path = HomeSectionHeader.swift; sourceTree = "<group>"; };
		963920B125635AAE00D5FE7E /* HomeSchoolCollectionViewCell.swift */ = {isa = PBXFileReference; lastKnownFileType = sourcecode.swift; path = HomeSchoolCollectionViewCell.swift; sourceTree = "<group>"; };
		963920BF2563A2BF00D5FE7E /* Kingfisher.framework */ = {isa = PBXFileReference; lastKnownFileType = wrapper.framework; name = Kingfisher.framework; path = Carthage/Build/iOS/Kingfisher.framework; sourceTree = "<group>"; };
		963DCAFA2535560500224983 /* Constants.swift */ = {isa = PBXFileReference; lastKnownFileType = sourcecode.swift; path = Constants.swift; sourceTree = "<group>"; };
		9642D452256073B90052DA58 /* GoogleService-Info.plist */ = {isa = PBXFileReference; fileEncoding = 4; lastKnownFileType = text.plist.xml; path = "GoogleService-Info.plist"; sourceTree = "<group>"; };
		9642E1982542BF7100296387 /* Alamofire.framework */ = {isa = PBXFileReference; lastKnownFileType = wrapper.framework; name = Alamofire.framework; path = Carthage/Build/iOS/Alamofire.framework; sourceTree = "<group>"; };
		9642E1CE254401D200296387 /* User.swift */ = {isa = PBXFileReference; lastKnownFileType = sourcecode.swift; path = User.swift; sourceTree = "<group>"; };
		968347AC2535493400B2B2E7 /* test-glade-Bridging-Header.h */ = {isa = PBXFileReference; lastKnownFileType = sourcecode.c.h; path = "test-glade-Bridging-Header.h"; sourceTree = "<group>"; };
		968347D425354CF900B2B2E7 /* SpotifyiOS.framework */ = {isa = PBXFileReference; lastKnownFileType = wrapper.framework; name = SpotifyiOS.framework; path = "test-glade/SpotifyiOS.framework"; sourceTree = "<group>"; };
		969995B7255F5BA600F18474 /* DataStorage.swift */ = {isa = PBXFileReference; lastKnownFileType = sourcecode.swift; path = DataStorage.swift; sourceTree = "<group>"; };
		969BD356253B91BE00205CC4 /* DescriptionViewController.swift */ = {isa = PBXFileReference; lastKnownFileType = sourcecode.swift; path = DescriptionViewController.swift; sourceTree = "<group>"; };
		969BD35B253BA20800205CC4 /* SocialsViewController.swift */ = {isa = PBXFileReference; lastKnownFileType = sourcecode.swift; path = SocialsViewController.swift; sourceTree = "<group>"; };
		96C719372559000F00B30BAE /* Account.swift */ = {isa = PBXFileReference; lastKnownFileType = sourcecode.swift; path = Account.swift; sourceTree = "<group>"; };
		96CA7FD4253162D700C221DE /* test-glade.app */ = {isa = PBXFileReference; explicitFileType = wrapper.application; includeInIndex = 0; path = "test-glade.app"; sourceTree = BUILT_PRODUCTS_DIR; };
		96CA7FD7253162D700C221DE /* AppDelegate.swift */ = {isa = PBXFileReference; lastKnownFileType = sourcecode.swift; path = AppDelegate.swift; sourceTree = "<group>"; };
		96CA7FD9253162D700C221DE /* SceneDelegate.swift */ = {isa = PBXFileReference; lastKnownFileType = sourcecode.swift; path = SceneDelegate.swift; sourceTree = "<group>"; };
		96CA7FDB253162D700C221DE /* StartViewController.swift */ = {isa = PBXFileReference; lastKnownFileType = sourcecode.swift; path = StartViewController.swift; sourceTree = "<group>"; };
		96CA7FDE253162D700C221DE /* Base */ = {isa = PBXFileReference; lastKnownFileType = file.storyboard; name = Base; path = Base.lproj/Main.storyboard; sourceTree = "<group>"; };
		96CA7FE0253162D900C221DE /* Assets.xcassets */ = {isa = PBXFileReference; lastKnownFileType = folder.assetcatalog; path = Assets.xcassets; sourceTree = "<group>"; };
		96CA7FE3253162D900C221DE /* Base */ = {isa = PBXFileReference; lastKnownFileType = file.storyboard; name = Base; path = Base.lproj/LaunchScreen.storyboard; sourceTree = "<group>"; };
		96CA7FE5253162D900C221DE /* Info.plist */ = {isa = PBXFileReference; lastKnownFileType = text.plist.xml; path = Info.plist; sourceTree = "<group>"; };
		96CA7FEA253162D900C221DE /* test-gladeTests.xctest */ = {isa = PBXFileReference; explicitFileType = wrapper.cfbundle; includeInIndex = 0; path = "test-gladeTests.xctest"; sourceTree = BUILT_PRODUCTS_DIR; };
		96CA7FEE253162D900C221DE /* test_gladeTests.swift */ = {isa = PBXFileReference; lastKnownFileType = sourcecode.swift; path = test_gladeTests.swift; sourceTree = "<group>"; };
		96CA7FF0253162D900C221DE /* Info.plist */ = {isa = PBXFileReference; lastKnownFileType = text.plist.xml; path = Info.plist; sourceTree = "<group>"; };
		96CA7FF5253162D900C221DE /* test-gladeUITests.xctest */ = {isa = PBXFileReference; explicitFileType = wrapper.cfbundle; includeInIndex = 0; path = "test-gladeUITests.xctest"; sourceTree = BUILT_PRODUCTS_DIR; };
		96CA7FF9253162D900C221DE /* test_gladeUITests.swift */ = {isa = PBXFileReference; lastKnownFileType = sourcecode.swift; path = test_gladeUITests.swift; sourceTree = "<group>"; };
		96CA7FFB253162D900C221DE /* Info.plist */ = {isa = PBXFileReference; lastKnownFileType = text.plist.xml; path = Info.plist; sourceTree = "<group>"; };
		96CA80C12532DD5600C221DE /* SpotifyConnectViewController.swift */ = {isa = PBXFileReference; lastKnownFileType = sourcecode.swift; path = SpotifyConnectViewController.swift; sourceTree = "<group>"; };
		96CA80D1253385AE00C221DE /* SchoolScrollViewController.swift */ = {isa = PBXFileReference; lastKnownFileType = sourcecode.swift; path = SchoolScrollViewController.swift; sourceTree = "<group>"; };
		96CA80E12533881500C221DE /* SchoolCollectionViewCell.swift */ = {isa = PBXFileReference; lastKnownFileType = sourcecode.swift; path = SchoolCollectionViewCell.swift; sourceTree = "<group>"; };
		96CA80E22533881500C221DE /* SchoolCollectionViewCell.xib */ = {isa = PBXFileReference; lastKnownFileType = file.xib; path = SchoolCollectionViewCell.xib; sourceTree = "<group>"; };
		96DB9C29255C867C00542872 /* Artist.swift */ = {isa = PBXFileReference; lastKnownFileType = sourcecode.swift; path = Artist.swift; sourceTree = "<group>"; };
		96DB9C2E255C905B00542872 /* Song.swift */ = {isa = PBXFileReference; lastKnownFileType = sourcecode.swift; path = Song.swift; sourceTree = "<group>"; };
		AFCBBC239E0EAF768F794ACE /* Pods-test-glade.debug.xcconfig */ = {isa = PBXFileReference; includeInIndex = 1; lastKnownFileType = text.xcconfig; name = "Pods-test-glade.debug.xcconfig"; path = "Target Support Files/Pods-test-glade/Pods-test-glade.debug.xcconfig"; sourceTree = "<group>"; };
		CEF482A14B5827EDBBA5FCD6 /* Pods_test_glade_test_gladeUITests.framework */ = {isa = PBXFileReference; explicitFileType = wrapper.framework; includeInIndex = 0; path = Pods_test_glade_test_gladeUITests.framework; sourceTree = BUILT_PRODUCTS_DIR; };
		E7A4B333943BD832F1272C87 /* Pods-test-gladeTests.release.xcconfig */ = {isa = PBXFileReference; includeInIndex = 1; lastKnownFileType = text.xcconfig; name = "Pods-test-gladeTests.release.xcconfig"; path = "Target Support Files/Pods-test-gladeTests/Pods-test-gladeTests.release.xcconfig"; sourceTree = "<group>"; };
		F6E56D76E621200679009201 /* Pods_test_glade.framework */ = {isa = PBXFileReference; explicitFileType = wrapper.framework; includeInIndex = 0; path = Pods_test_glade.framework; sourceTree = BUILT_PRODUCTS_DIR; };
/* End PBXFileReference section */

/* Begin PBXFrameworksBuildPhase section */
		96CA7FD1253162D700C221DE /* Frameworks */ = {
			isa = PBXFrameworksBuildPhase;
			buildActionMask = 2147483647;
			files = (
				968347D525354CF900B2B2E7 /* SpotifyiOS.framework in Frameworks */,
				9642E1A12542BF8E00296387 /* Alamofire.framework in Frameworks */,
				963920C82563A2CC00D5FE7E /* Kingfisher.framework in Frameworks */,
				FF6F470D83DFAC9D3823EA55 /* Pods_test_glade.framework in Frameworks */,
			);
			runOnlyForDeploymentPostprocessing = 0;
		};
		96CA7FE7253162D900C221DE /* Frameworks */ = {
			isa = PBXFrameworksBuildPhase;
			buildActionMask = 2147483647;
			files = (
				0E2AFE376AF4A25BDCE9C485 /* Pods_test_gladeTests.framework in Frameworks */,
			);
			runOnlyForDeploymentPostprocessing = 0;
		};
		96CA7FF2253162D900C221DE /* Frameworks */ = {
			isa = PBXFrameworksBuildPhase;
			buildActionMask = 2147483647;
			files = (
				C6D5B76EE38A2B04FF0890C1 /* Pods_test_glade_test_gladeUITests.framework in Frameworks */,
			);
			runOnlyForDeploymentPostprocessing = 0;
		};
/* End PBXFrameworksBuildPhase section */

/* Begin PBXGroup section */
		699398BF129D5740B22BF74F /* Pods */ = {
			isa = PBXGroup;
			children = (
				AFCBBC239E0EAF768F794ACE /* Pods-test-glade.debug.xcconfig */,
				244473DD6554C7EBAC8ABD15 /* Pods-test-glade.release.xcconfig */,
				3935A41F7DF4372A4D73A3BF /* Pods-test-glade-test-gladeUITests.debug.xcconfig */,
				103FE5D1DDCDDA232DAD58F6 /* Pods-test-glade-test-gladeUITests.release.xcconfig */,
				6F2C0ED7D4AD70857E5C4085 /* Pods-test-gladeTests.debug.xcconfig */,
				E7A4B333943BD832F1272C87 /* Pods-test-gladeTests.release.xcconfig */,
			);
			path = Pods;
			sourceTree = "<group>";
		};
		9639207825632CB100D5FE7E /* Structs */ = {
			isa = PBXGroup;
			children = (
				9642E1CE254401D200296387 /* User.swift */,
				96C719372559000F00B30BAE /* Account.swift */,
				96DB9C29255C867C00542872 /* Artist.swift */,
				96DB9C2E255C905B00542872 /* Song.swift */,
			);
			path = Structs;
			sourceTree = "<group>";
		};
		9642E1C22543FD4400296387 /* Classes */ = {
			isa = PBXGroup;
			children = (
				9635EA802558BE47009C3950 /* Token.swift */,
				969995B7255F5BA600F18474 /* DataStorage.swift */,
				9639207925632CD700D5FE7E /* HomeCellBuilder.swift */,
				9639207E25632CED00D5FE7E /* HomeLayoutBuilder.swift */,
			);
			path = Classes;
			sourceTree = "<group>";
		};
		968347B32535498B00B2B2E7 /* Frameworks */ = {
			isa = PBXGroup;
			children = (
				963920BF2563A2BF00D5FE7E /* Kingfisher.framework */,
				9642E1982542BF7100296387 /* Alamofire.framework */,
				968347D425354CF900B2B2E7 /* SpotifyiOS.framework */,
				F6E56D76E621200679009201 /* Pods_test_glade.framework */,
				CEF482A14B5827EDBBA5FCD6 /* Pods_test_glade_test_gladeUITests.framework */,
				88CBBF94506251B568D8D63C /* Pods_test_gladeTests.framework */,
			);
			name = Frameworks;
			sourceTree = "<group>";
		};
		969BD347253B7FAC00205CC4 /* View Controllers */ = {
			isa = PBXGroup;
			children = (
				96CA80D1253385AE00C221DE /* SchoolScrollViewController.swift */,
				96CA80C12532DD5600C221DE /* SpotifyConnectViewController.swift */,
				969BD356253B91BE00205CC4 /* DescriptionViewController.swift */,
				96CA7FDB253162D700C221DE /* StartViewController.swift */,
				969BD35B253BA20800205CC4 /* SocialsViewController.swift */,
				9639207025632BEE00D5FE7E /* HomeViewController.swift */,
			);
			path = "View Controllers";
			sourceTree = "<group>";
		};
		969BD34C253B802F00205CC4 /* Custom Views */ = {
			isa = PBXGroup;
			children = (
				96CA80E12533881500C221DE /* SchoolCollectionViewCell.swift */,
				96CA80E22533881500C221DE /* SchoolCollectionViewCell.xib */,
				9639208325632DD400D5FE7E /* HomeSongCollectionViewCell.swift */,
				963920A42563491F00D5FE7E /* HomeArtistCollectionViewCell.swift */,
				963920A9256350D500D5FE7E /* HomeSectionHeader.swift */,
				963920B125635AAE00D5FE7E /* HomeSchoolCollectionViewCell.swift */,
			);
			path = "Custom Views";
			sourceTree = "<group>";
		};
		96CA7FCB253162D700C221DE = {
			isa = PBXGroup;
			children = (
				96CA7FD6253162D700C221DE /* test-glade */,
				96CA7FED253162D900C221DE /* test-gladeTests */,
				96CA7FF8253162D900C221DE /* test-gladeUITests */,
				96CA7FD5253162D700C221DE /* Products */,
				968347B32535498B00B2B2E7 /* Frameworks */,
				699398BF129D5740B22BF74F /* Pods */,
			);
			sourceTree = "<group>";
		};
		96CA7FD5253162D700C221DE /* Products */ = {
			isa = PBXGroup;
			children = (
				96CA7FD4253162D700C221DE /* test-glade.app */,
				96CA7FEA253162D900C221DE /* test-gladeTests.xctest */,
				96CA7FF5253162D900C221DE /* test-gladeUITests.xctest */,
			);
			name = Products;
			sourceTree = "<group>";
		};
		96CA7FD6253162D700C221DE /* test-glade */ = {
			isa = PBXGroup;
			children = (
				9639207825632CB100D5FE7E /* Structs */,
				9642E1C22543FD4400296387 /* Classes */,
				969BD34C253B802F00205CC4 /* Custom Views */,
				969BD347253B7FAC00205CC4 /* View Controllers */,
				96CA7FD7253162D700C221DE /* AppDelegate.swift */,
				96CA7FD9253162D700C221DE /* SceneDelegate.swift */,
				96CA7FDD253162D700C221DE /* Main.storyboard */,
				96CA7FE0253162D900C221DE /* Assets.xcassets */,
				96CA7FE2253162D900C221DE /* LaunchScreen.storyboard */,
				9642D452256073B90052DA58 /* GoogleService-Info.plist */,
				96CA7FE5253162D900C221DE /* Info.plist */,
				968347AC2535493400B2B2E7 /* test-glade-Bridging-Header.h */,
				963DCAFA2535560500224983 /* Constants.swift */,
			);
			path = "test-glade";
			sourceTree = "<group>";
		};
		96CA7FED253162D900C221DE /* test-gladeTests */ = {
			isa = PBXGroup;
			children = (
				96CA7FEE253162D900C221DE /* test_gladeTests.swift */,
				96CA7FF0253162D900C221DE /* Info.plist */,
			);
			path = "test-gladeTests";
			sourceTree = "<group>";
		};
		96CA7FF8253162D900C221DE /* test-gladeUITests */ = {
			isa = PBXGroup;
			children = (
				96CA7FF9253162D900C221DE /* test_gladeUITests.swift */,
				96CA7FFB253162D900C221DE /* Info.plist */,
			);
			path = "test-gladeUITests";
			sourceTree = "<group>";
		};
/* End PBXGroup section */

/* Begin PBXNativeTarget section */
		96CA7FD3253162D700C221DE /* test-glade */ = {
			isa = PBXNativeTarget;
			buildConfigurationList = 96CA7FFE253162D900C221DE /* Build configuration list for PBXNativeTarget "test-glade" */;
			buildPhases = (
				3609356FC4BF36BE8E454CB7 /* [CP] Check Pods Manifest.lock */,
				96CA7FD0253162D700C221DE /* Sources */,
				96CA7FD1253162D700C221DE /* Frameworks */,
				96CA7FD2253162D700C221DE /* Resources */,
				9642E1A22542BFC500296387 /* Carthage Copy Frameworks */,
				B2896C5D90B1CA403A2F0779 /* [CP] Embed Pods Frameworks */,
			);
			buildRules = (
			);
			dependencies = (
			);
			name = "test-glade";
			productName = "test-glade";
			productReference = 96CA7FD4253162D700C221DE /* test-glade.app */;
			productType = "com.apple.product-type.application";
		};
		96CA7FE9253162D900C221DE /* test-gladeTests */ = {
			isa = PBXNativeTarget;
			buildConfigurationList = 96CA8001253162D900C221DE /* Build configuration list for PBXNativeTarget "test-gladeTests" */;
			buildPhases = (
				C983BFFABF531667F5E53DAC /* [CP] Check Pods Manifest.lock */,
				96CA7FE6253162D900C221DE /* Sources */,
				96CA7FE7253162D900C221DE /* Frameworks */,
				96CA7FE8253162D900C221DE /* Resources */,
			);
			buildRules = (
			);
			dependencies = (
				96CA7FEC253162D900C221DE /* PBXTargetDependency */,
			);
			name = "test-gladeTests";
			productName = "test-gladeTests";
			productReference = 96CA7FEA253162D900C221DE /* test-gladeTests.xctest */;
			productType = "com.apple.product-type.bundle.unit-test";
		};
		96CA7FF4253162D900C221DE /* test-gladeUITests */ = {
			isa = PBXNativeTarget;
			buildConfigurationList = 96CA8004253162D900C221DE /* Build configuration list for PBXNativeTarget "test-gladeUITests" */;
			buildPhases = (
				719963A815CF75D775E6ED9B /* [CP] Check Pods Manifest.lock */,
				96CA7FF1253162D900C221DE /* Sources */,
				96CA7FF2253162D900C221DE /* Frameworks */,
				96CA7FF3253162D900C221DE /* Resources */,
				761ED66E2309A55F754F2F4E /* [CP] Embed Pods Frameworks */,
			);
			buildRules = (
			);
			dependencies = (
				96CA7FF7253162D900C221DE /* PBXTargetDependency */,
			);
			name = "test-gladeUITests";
			productName = "test-gladeUITests";
			productReference = 96CA7FF5253162D900C221DE /* test-gladeUITests.xctest */;
			productType = "com.apple.product-type.bundle.ui-testing";
		};
/* End PBXNativeTarget section */

/* Begin PBXProject section */
		96CA7FCC253162D700C221DE /* Project object */ = {
			isa = PBXProject;
			attributes = {
				LastSwiftUpdateCheck = 1200;
				LastUpgradeCheck = 1200;
				TargetAttributes = {
					96CA7FD3253162D700C221DE = {
						CreatedOnToolsVersion = 12.0.1;
					};
					96CA7FE9253162D900C221DE = {
						CreatedOnToolsVersion = 12.0.1;
						TestTargetID = 96CA7FD3253162D700C221DE;
					};
					96CA7FF4253162D900C221DE = {
						CreatedOnToolsVersion = 12.0.1;
						TestTargetID = 96CA7FD3253162D700C221DE;
					};
				};
			};
			buildConfigurationList = 96CA7FCF253162D700C221DE /* Build configuration list for PBXProject "test-glade" */;
			compatibilityVersion = "Xcode 9.3";
			developmentRegion = en;
			hasScannedForEncodings = 0;
			knownRegions = (
				en,
				Base,
			);
			mainGroup = 96CA7FCB253162D700C221DE;
			productRefGroup = 96CA7FD5253162D700C221DE /* Products */;
			projectDirPath = "";
			projectRoot = "";
			targets = (
				96CA7FD3253162D700C221DE /* test-glade */,
				96CA7FE9253162D900C221DE /* test-gladeTests */,
				96CA7FF4253162D900C221DE /* test-gladeUITests */,
			);
		};
/* End PBXProject section */

/* Begin PBXResourcesBuildPhase section */
		96CA7FD2253162D700C221DE /* Resources */ = {
			isa = PBXResourcesBuildPhase;
			buildActionMask = 2147483647;
			files = (
				9642D453256073B90052DA58 /* GoogleService-Info.plist in Resources */,
				96CA7FE4253162D900C221DE /* LaunchScreen.storyboard in Resources */,
				96CA7FE1253162D900C221DE /* Assets.xcassets in Resources */,
				96CA80E42533881500C221DE /* SchoolCollectionViewCell.xib in Resources */,
				96CA7FDF253162D700C221DE /* Main.storyboard in Resources */,
			);
			runOnlyForDeploymentPostprocessing = 0;
		};
		96CA7FE8253162D900C221DE /* Resources */ = {
			isa = PBXResourcesBuildPhase;
			buildActionMask = 2147483647;
			files = (
			);
			runOnlyForDeploymentPostprocessing = 0;
		};
		96CA7FF3253162D900C221DE /* Resources */ = {
			isa = PBXResourcesBuildPhase;
			buildActionMask = 2147483647;
			files = (
			);
			runOnlyForDeploymentPostprocessing = 0;
		};
/* End PBXResourcesBuildPhase section */

/* Begin PBXShellScriptBuildPhase section */
		3609356FC4BF36BE8E454CB7 /* [CP] Check Pods Manifest.lock */ = {
			isa = PBXShellScriptBuildPhase;
			buildActionMask = 2147483647;
			files = (
			);
			inputFileListPaths = (
			);
			inputPaths = (
				"${PODS_PODFILE_DIR_PATH}/Podfile.lock",
				"${PODS_ROOT}/Manifest.lock",
			);
			name = "[CP] Check Pods Manifest.lock";
			outputFileListPaths = (
			);
			outputPaths = (
				"$(DERIVED_FILE_DIR)/Pods-test-glade-checkManifestLockResult.txt",
			);
			runOnlyForDeploymentPostprocessing = 0;
			shellPath = /bin/sh;
			shellScript = "diff \"${PODS_PODFILE_DIR_PATH}/Podfile.lock\" \"${PODS_ROOT}/Manifest.lock\" > /dev/null\nif [ $? != 0 ] ; then\n    # print error to STDERR\n    echo \"error: The sandbox is not in sync with the Podfile.lock. Run 'pod install' or update your CocoaPods installation.\" >&2\n    exit 1\nfi\n# This output is used by Xcode 'outputs' to avoid re-running this script phase.\necho \"SUCCESS\" > \"${SCRIPT_OUTPUT_FILE_0}\"\n";
			showEnvVarsInLog = 0;
		};
		719963A815CF75D775E6ED9B /* [CP] Check Pods Manifest.lock */ = {
			isa = PBXShellScriptBuildPhase;
			buildActionMask = 2147483647;
			files = (
			);
			inputFileListPaths = (
			);
			inputPaths = (
				"${PODS_PODFILE_DIR_PATH}/Podfile.lock",
				"${PODS_ROOT}/Manifest.lock",
			);
			name = "[CP] Check Pods Manifest.lock";
			outputFileListPaths = (
			);
			outputPaths = (
				"$(DERIVED_FILE_DIR)/Pods-test-glade-test-gladeUITests-checkManifestLockResult.txt",
			);
			runOnlyForDeploymentPostprocessing = 0;
			shellPath = /bin/sh;
			shellScript = "diff \"${PODS_PODFILE_DIR_PATH}/Podfile.lock\" \"${PODS_ROOT}/Manifest.lock\" > /dev/null\nif [ $? != 0 ] ; then\n    # print error to STDERR\n    echo \"error: The sandbox is not in sync with the Podfile.lock. Run 'pod install' or update your CocoaPods installation.\" >&2\n    exit 1\nfi\n# This output is used by Xcode 'outputs' to avoid re-running this script phase.\necho \"SUCCESS\" > \"${SCRIPT_OUTPUT_FILE_0}\"\n";
			showEnvVarsInLog = 0;
		};
		761ED66E2309A55F754F2F4E /* [CP] Embed Pods Frameworks */ = {
			isa = PBXShellScriptBuildPhase;
			buildActionMask = 2147483647;
			files = (
			);
			inputFileListPaths = (
				"${PODS_ROOT}/Target Support Files/Pods-test-glade-test-gladeUITests/Pods-test-glade-test-gladeUITests-frameworks-${CONFIGURATION}-input-files.xcfilelist",
			);
			name = "[CP] Embed Pods Frameworks";
			outputFileListPaths = (
				"${PODS_ROOT}/Target Support Files/Pods-test-glade-test-gladeUITests/Pods-test-glade-test-gladeUITests-frameworks-${CONFIGURATION}-output-files.xcfilelist",
			);
			runOnlyForDeploymentPostprocessing = 0;
			shellPath = /bin/sh;
			shellScript = "\"${PODS_ROOT}/Target Support Files/Pods-test-glade-test-gladeUITests/Pods-test-glade-test-gladeUITests-frameworks.sh\"\n";
			showEnvVarsInLog = 0;
		};
		9642E1A22542BFC500296387 /* Carthage Copy Frameworks */ = {
			isa = PBXShellScriptBuildPhase;
			buildActionMask = 2147483647;
			files = (
			);
			inputFileListPaths = (
			);
			inputPaths = (
				"$(SRCROOT)/Carthage/Build/iOS/Alamofire.framework",
				"$(SRCROOT)/Carthage/Build/iOS/Kingfisher.framework",
			);
			name = "Carthage Copy Frameworks";
			outputFileListPaths = (
			);
			outputPaths = (
				"$(BUILT_PRODUCTS_DIR)/$(FRAMEWORKS_FOLDER_PATH)/Kingfisher.framework",
			);
			runOnlyForDeploymentPostprocessing = 0;
			shellPath = /bin/sh;
			shellScript = "# Type a script or drag a script file from your workspace to insert its path.\n/usr/local/bin/carthage copy-frameworks\n";
		};
		B2896C5D90B1CA403A2F0779 /* [CP] Embed Pods Frameworks */ = {
			isa = PBXShellScriptBuildPhase;
			buildActionMask = 2147483647;
			files = (
			);
			inputFileListPaths = (
				"${PODS_ROOT}/Target Support Files/Pods-test-glade/Pods-test-glade-frameworks-${CONFIGURATION}-input-files.xcfilelist",
			);
			name = "[CP] Embed Pods Frameworks";
			outputFileListPaths = (
				"${PODS_ROOT}/Target Support Files/Pods-test-glade/Pods-test-glade-frameworks-${CONFIGURATION}-output-files.xcfilelist",
			);
			runOnlyForDeploymentPostprocessing = 0;
			shellPath = /bin/sh;
			shellScript = "\"${PODS_ROOT}/Target Support Files/Pods-test-glade/Pods-test-glade-frameworks.sh\"\n";
			showEnvVarsInLog = 0;
		};
		C983BFFABF531667F5E53DAC /* [CP] Check Pods Manifest.lock */ = {
			isa = PBXShellScriptBuildPhase;
			buildActionMask = 2147483647;
			files = (
			);
			inputFileListPaths = (
			);
			inputPaths = (
				"${PODS_PODFILE_DIR_PATH}/Podfile.lock",
				"${PODS_ROOT}/Manifest.lock",
			);
			name = "[CP] Check Pods Manifest.lock";
			outputFileListPaths = (
			);
			outputPaths = (
				"$(DERIVED_FILE_DIR)/Pods-test-gladeTests-checkManifestLockResult.txt",
			);
			runOnlyForDeploymentPostprocessing = 0;
			shellPath = /bin/sh;
			shellScript = "diff \"${PODS_PODFILE_DIR_PATH}/Podfile.lock\" \"${PODS_ROOT}/Manifest.lock\" > /dev/null\nif [ $? != 0 ] ; then\n    # print error to STDERR\n    echo \"error: The sandbox is not in sync with the Podfile.lock. Run 'pod install' or update your CocoaPods installation.\" >&2\n    exit 1\nfi\n# This output is used by Xcode 'outputs' to avoid re-running this script phase.\necho \"SUCCESS\" > \"${SCRIPT_OUTPUT_FILE_0}\"\n";
			showEnvVarsInLog = 0;
		};
/* End PBXShellScriptBuildPhase section */

/* Begin PBXSourcesBuildPhase section */
		96CA7FD0253162D700C221DE /* Sources */ = {
			isa = PBXSourcesBuildPhase;
			buildActionMask = 2147483647;
			files = (
				96DB9C2F255C905B00542872 /* Song.swift in Sources */,
				969BD357253B91BE00205CC4 /* DescriptionViewController.swift in Sources */,
				96CA7FDC253162D700C221DE /* StartViewController.swift in Sources */,
				963920B225635AAE00D5FE7E /* HomeSchoolCollectionViewCell.swift in Sources */,
				96CA80E32533881500C221DE /* SchoolCollectionViewCell.swift in Sources */,
				96C719382559000F00B30BAE /* Account.swift in Sources */,
				9635EA812558BE47009C3950 /* Token.swift in Sources */,
				96CA80D2253385AE00C221DE /* SchoolScrollViewController.swift in Sources */,
				963920AA256350D500D5FE7E /* HomeSectionHeader.swift in Sources */,
				9642E1CF254401D200296387 /* User.swift in Sources */,
				96CA80C22532DD5600C221DE /* SpotifyConnectViewController.swift in Sources */,
				9639207125632BEE00D5FE7E /* HomeViewController.swift in Sources */,
				96CA7FD8253162D700C221DE /* AppDelegate.swift in Sources */,
				9639207F25632CED00D5FE7E /* HomeLayoutBuilder.swift in Sources */,
				9639208425632DD400D5FE7E /* HomeSongCollectionViewCell.swift in Sources */,
				969BD35C253BA20800205CC4 /* SocialsViewController.swift in Sources */,
				9639207A25632CD700D5FE7E /* HomeCellBuilder.swift in Sources */,
				963DCAFB2535560500224983 /* Constants.swift in Sources */,
				96DB9C2A255C867C00542872 /* Artist.swift in Sources */,
				963920A52563492000D5FE7E /* HomeArtistCollectionViewCell.swift in Sources */,
				969995B8255F5BA600F18474 /* DataStorage.swift in Sources */,
				96CA7FDA253162D700C221DE /* SceneDelegate.swift in Sources */,
			);
			runOnlyForDeploymentPostprocessing = 0;
		};
		96CA7FE6253162D900C221DE /* Sources */ = {
			isa = PBXSourcesBuildPhase;
			buildActionMask = 2147483647;
			files = (
				96CA7FEF253162D900C221DE /* test_gladeTests.swift in Sources */,
			);
			runOnlyForDeploymentPostprocessing = 0;
		};
		96CA7FF1253162D900C221DE /* Sources */ = {
			isa = PBXSourcesBuildPhase;
			buildActionMask = 2147483647;
			files = (
				96CA7FFA253162D900C221DE /* test_gladeUITests.swift in Sources */,
			);
			runOnlyForDeploymentPostprocessing = 0;
		};
/* End PBXSourcesBuildPhase section */

/* Begin PBXTargetDependency section */
		96CA7FEC253162D900C221DE /* PBXTargetDependency */ = {
			isa = PBXTargetDependency;
			target = 96CA7FD3253162D700C221DE /* test-glade */;
			targetProxy = 96CA7FEB253162D900C221DE /* PBXContainerItemProxy */;
		};
		96CA7FF7253162D900C221DE /* PBXTargetDependency */ = {
			isa = PBXTargetDependency;
			target = 96CA7FD3253162D700C221DE /* test-glade */;
			targetProxy = 96CA7FF6253162D900C221DE /* PBXContainerItemProxy */;
		};
/* End PBXTargetDependency section */

/* Begin PBXVariantGroup section */
		96CA7FDD253162D700C221DE /* Main.storyboard */ = {
			isa = PBXVariantGroup;
			children = (
				96CA7FDE253162D700C221DE /* Base */,
			);
			name = Main.storyboard;
			sourceTree = "<group>";
		};
		96CA7FE2253162D900C221DE /* LaunchScreen.storyboard */ = {
			isa = PBXVariantGroup;
			children = (
				96CA7FE3253162D900C221DE /* Base */,
			);
			name = LaunchScreen.storyboard;
			sourceTree = "<group>";
		};
/* End PBXVariantGroup section */

/* Begin XCBuildConfiguration section */
		96CA7FFC253162D900C221DE /* Debug */ = {
			isa = XCBuildConfiguration;
			buildSettings = {
				ALWAYS_SEARCH_USER_PATHS = NO;
				CLANG_ANALYZER_NONNULL = YES;
				CLANG_ANALYZER_NUMBER_OBJECT_CONVERSION = YES_AGGRESSIVE;
				CLANG_CXX_LANGUAGE_STANDARD = "gnu++14";
				CLANG_CXX_LIBRARY = "libc++";
				CLANG_ENABLE_MODULES = YES;
				CLANG_ENABLE_OBJC_ARC = YES;
				CLANG_ENABLE_OBJC_WEAK = YES;
				CLANG_WARN_BLOCK_CAPTURE_AUTORELEASING = YES;
				CLANG_WARN_BOOL_CONVERSION = YES;
				CLANG_WARN_COMMA = YES;
				CLANG_WARN_CONSTANT_CONVERSION = YES;
				CLANG_WARN_DEPRECATED_OBJC_IMPLEMENTATIONS = YES;
				CLANG_WARN_DIRECT_OBJC_ISA_USAGE = YES_ERROR;
				CLANG_WARN_DOCUMENTATION_COMMENTS = YES;
				CLANG_WARN_EMPTY_BODY = YES;
				CLANG_WARN_ENUM_CONVERSION = YES;
				CLANG_WARN_INFINITE_RECURSION = YES;
				CLANG_WARN_INT_CONVERSION = YES;
				CLANG_WARN_NON_LITERAL_NULL_CONVERSION = YES;
				CLANG_WARN_OBJC_IMPLICIT_RETAIN_SELF = YES;
				CLANG_WARN_OBJC_LITERAL_CONVERSION = YES;
				CLANG_WARN_OBJC_ROOT_CLASS = YES_ERROR;
				CLANG_WARN_QUOTED_INCLUDE_IN_FRAMEWORK_HEADER = YES;
				CLANG_WARN_RANGE_LOOP_ANALYSIS = YES;
				CLANG_WARN_STRICT_PROTOTYPES = YES;
				CLANG_WARN_SUSPICIOUS_MOVE = YES;
				CLANG_WARN_UNGUARDED_AVAILABILITY = YES_AGGRESSIVE;
				CLANG_WARN_UNREACHABLE_CODE = YES;
				CLANG_WARN__DUPLICATE_METHOD_MATCH = YES;
				COPY_PHASE_STRIP = NO;
				DEBUG_INFORMATION_FORMAT = dwarf;
				ENABLE_STRICT_OBJC_MSGSEND = YES;
				ENABLE_TESTABILITY = YES;
				GCC_C_LANGUAGE_STANDARD = gnu11;
				GCC_DYNAMIC_NO_PIC = NO;
				GCC_NO_COMMON_BLOCKS = YES;
				GCC_OPTIMIZATION_LEVEL = 0;
				GCC_PREPROCESSOR_DEFINITIONS = (
					"DEBUG=1",
					"$(inherited)",
				);
				GCC_WARN_64_TO_32_BIT_CONVERSION = YES;
				GCC_WARN_ABOUT_RETURN_TYPE = YES_ERROR;
				GCC_WARN_UNDECLARED_SELECTOR = YES;
				GCC_WARN_UNINITIALIZED_AUTOS = YES_AGGRESSIVE;
				GCC_WARN_UNUSED_FUNCTION = YES;
				GCC_WARN_UNUSED_VARIABLE = YES;
				IPHONEOS_DEPLOYMENT_TARGET = 14.0;
				MTL_ENABLE_DEBUG_INFO = INCLUDE_SOURCE;
				MTL_FAST_MATH = YES;
				ONLY_ACTIVE_ARCH = YES;
				OTHER_LDFLAGS = "-ObjC";
				SDKROOT = iphoneos;
				SWIFT_ACTIVE_COMPILATION_CONDITIONS = DEBUG;
				SWIFT_OBJC_BRIDGING_HEADER = "test-glade/test-glade-Bridging-Header.h";
				SWIFT_OPTIMIZATION_LEVEL = "-Onone";
			};
			name = Debug;
		};
		96CA7FFD253162D900C221DE /* Release */ = {
			isa = XCBuildConfiguration;
			buildSettings = {
				ALWAYS_SEARCH_USER_PATHS = NO;
				CLANG_ANALYZER_NONNULL = YES;
				CLANG_ANALYZER_NUMBER_OBJECT_CONVERSION = YES_AGGRESSIVE;
				CLANG_CXX_LANGUAGE_STANDARD = "gnu++14";
				CLANG_CXX_LIBRARY = "libc++";
				CLANG_ENABLE_MODULES = YES;
				CLANG_ENABLE_OBJC_ARC = YES;
				CLANG_ENABLE_OBJC_WEAK = YES;
				CLANG_WARN_BLOCK_CAPTURE_AUTORELEASING = YES;
				CLANG_WARN_BOOL_CONVERSION = YES;
				CLANG_WARN_COMMA = YES;
				CLANG_WARN_CONSTANT_CONVERSION = YES;
				CLANG_WARN_DEPRECATED_OBJC_IMPLEMENTATIONS = YES;
				CLANG_WARN_DIRECT_OBJC_ISA_USAGE = YES_ERROR;
				CLANG_WARN_DOCUMENTATION_COMMENTS = YES;
				CLANG_WARN_EMPTY_BODY = YES;
				CLANG_WARN_ENUM_CONVERSION = YES;
				CLANG_WARN_INFINITE_RECURSION = YES;
				CLANG_WARN_INT_CONVERSION = YES;
				CLANG_WARN_NON_LITERAL_NULL_CONVERSION = YES;
				CLANG_WARN_OBJC_IMPLICIT_RETAIN_SELF = YES;
				CLANG_WARN_OBJC_LITERAL_CONVERSION = YES;
				CLANG_WARN_OBJC_ROOT_CLASS = YES_ERROR;
				CLANG_WARN_QUOTED_INCLUDE_IN_FRAMEWORK_HEADER = YES;
				CLANG_WARN_RANGE_LOOP_ANALYSIS = YES;
				CLANG_WARN_STRICT_PROTOTYPES = YES;
				CLANG_WARN_SUSPICIOUS_MOVE = YES;
				CLANG_WARN_UNGUARDED_AVAILABILITY = YES_AGGRESSIVE;
				CLANG_WARN_UNREACHABLE_CODE = YES;
				CLANG_WARN__DUPLICATE_METHOD_MATCH = YES;
				COPY_PHASE_STRIP = NO;
				DEBUG_INFORMATION_FORMAT = "dwarf-with-dsym";
				ENABLE_NS_ASSERTIONS = NO;
				ENABLE_STRICT_OBJC_MSGSEND = YES;
				GCC_C_LANGUAGE_STANDARD = gnu11;
				GCC_NO_COMMON_BLOCKS = YES;
				GCC_WARN_64_TO_32_BIT_CONVERSION = YES;
				GCC_WARN_ABOUT_RETURN_TYPE = YES_ERROR;
				GCC_WARN_UNDECLARED_SELECTOR = YES;
				GCC_WARN_UNINITIALIZED_AUTOS = YES_AGGRESSIVE;
				GCC_WARN_UNUSED_FUNCTION = YES;
				GCC_WARN_UNUSED_VARIABLE = YES;
				IPHONEOS_DEPLOYMENT_TARGET = 14.0;
				MTL_ENABLE_DEBUG_INFO = NO;
				MTL_FAST_MATH = YES;
				OTHER_LDFLAGS = "-ObjC";
				SDKROOT = iphoneos;
				SWIFT_COMPILATION_MODE = wholemodule;
				SWIFT_OBJC_BRIDGING_HEADER = "test-glade/test-glade-Bridging-Header.h";
				SWIFT_OPTIMIZATION_LEVEL = "-O";
				VALIDATE_PRODUCT = YES;
			};
			name = Release;
		};
		96CA7FFF253162D900C221DE /* Debug */ = {
			isa = XCBuildConfiguration;
			baseConfigurationReference = AFCBBC239E0EAF768F794ACE /* Pods-test-glade.debug.xcconfig */;
			buildSettings = {
				ASSETCATALOG_COMPILER_APPICON_NAME = AppIcon;
				ASSETCATALOG_COMPILER_GLOBAL_ACCENT_COLOR_NAME = AccentColor;
				CODE_SIGN_STYLE = Automatic;
				DEVELOPMENT_TEAM = VF3QBS95D4;
				FRAMEWORK_SEARCH_PATHS = (
					"$(inherited)",
					"$(PROJECT_DIR)/test-glade",
					"$(PROJECT_DIR)/Carthage/Build/iOS",
				);
				INFOPLIST_FILE = "test-glade/Info.plist";
				LD_RUNPATH_SEARCH_PATHS = (
					"$(inherited)",
					"@executable_path/Frameworks",
				);
				OTHER_LDFLAGS = "-ObjC";
				PRODUCT_BUNDLE_IDENTIFIER = "Allen-Gu.test-glade";
				PRODUCT_NAME = "$(TARGET_NAME)";
				SWIFT_OBJC_BRIDGING_HEADER = "test-glade/test-glade-Bridging-Header.h";
				SWIFT_VERSION = 5.0;
				TARGETED_DEVICE_FAMILY = "1,2";
			};
			name = Debug;
		};
		96CA8000253162D900C221DE /* Release */ = {
			isa = XCBuildConfiguration;
			baseConfigurationReference = 244473DD6554C7EBAC8ABD15 /* Pods-test-glade.release.xcconfig */;
			buildSettings = {
				ASSETCATALOG_COMPILER_APPICON_NAME = AppIcon;
				ASSETCATALOG_COMPILER_GLOBAL_ACCENT_COLOR_NAME = AccentColor;
				CODE_SIGN_STYLE = Automatic;
				DEVELOPMENT_TEAM = VF3QBS95D4;
				FRAMEWORK_SEARCH_PATHS = (
					"$(inherited)",
					"$(PROJECT_DIR)/test-glade",
					"$(PROJECT_DIR)/Carthage/Build/iOS",
				);
				INFOPLIST_FILE = "test-glade/Info.plist";
				LD_RUNPATH_SEARCH_PATHS = (
					"$(inherited)",
					"@executable_path/Frameworks",
				);
				OTHER_LDFLAGS = "-ObjC";
				PRODUCT_BUNDLE_IDENTIFIER = "Allen-Gu.test-glade";
				PRODUCT_NAME = "$(TARGET_NAME)";
				SWIFT_OBJC_BRIDGING_HEADER = "test-glade/test-glade-Bridging-Header.h";
				SWIFT_VERSION = 5.0;
				TARGETED_DEVICE_FAMILY = "1,2";
			};
			name = Release;
		};
		96CA8002253162D900C221DE /* Debug */ = {
			isa = XCBuildConfiguration;
			baseConfigurationReference = 6F2C0ED7D4AD70857E5C4085 /* Pods-test-gladeTests.debug.xcconfig */;
			buildSettings = {
				ALWAYS_EMBED_SWIFT_STANDARD_LIBRARIES = YES;
				BUNDLE_LOADER = "$(TEST_HOST)";
				CODE_SIGN_STYLE = Automatic;
				INFOPLIST_FILE = "test-gladeTests/Info.plist";
				IPHONEOS_DEPLOYMENT_TARGET = 14.0;
				LD_RUNPATH_SEARCH_PATHS = (
					"$(inherited)",
					"@executable_path/Frameworks",
					"@loader_path/Frameworks",
				);
				PRODUCT_BUNDLE_IDENTIFIER = "Allen-Gu.test-gladeTests";
				PRODUCT_NAME = "$(TARGET_NAME)";
				SWIFT_VERSION = 5.0;
				TARGETED_DEVICE_FAMILY = "1,2";
				TEST_HOST = "$(BUILT_PRODUCTS_DIR)/test-glade.app/test-glade";
			};
			name = Debug;
		};
		96CA8003253162D900C221DE /* Release */ = {
			isa = XCBuildConfiguration;
			baseConfigurationReference = E7A4B333943BD832F1272C87 /* Pods-test-gladeTests.release.xcconfig */;
			buildSettings = {
				ALWAYS_EMBED_SWIFT_STANDARD_LIBRARIES = YES;
				BUNDLE_LOADER = "$(TEST_HOST)";
				CODE_SIGN_STYLE = Automatic;
				INFOPLIST_FILE = "test-gladeTests/Info.plist";
				IPHONEOS_DEPLOYMENT_TARGET = 14.0;
				LD_RUNPATH_SEARCH_PATHS = (
					"$(inherited)",
					"@executable_path/Frameworks",
					"@loader_path/Frameworks",
				);
				PRODUCT_BUNDLE_IDENTIFIER = "Allen-Gu.test-gladeTests";
				PRODUCT_NAME = "$(TARGET_NAME)";
				SWIFT_VERSION = 5.0;
				TARGETED_DEVICE_FAMILY = "1,2";
				TEST_HOST = "$(BUILT_PRODUCTS_DIR)/test-glade.app/test-glade";
			};
			name = Release;
		};
		96CA8005253162D900C221DE /* Debug */ = {
			isa = XCBuildConfiguration;
			baseConfigurationReference = 3935A41F7DF4372A4D73A3BF /* Pods-test-glade-test-gladeUITests.debug.xcconfig */;
			buildSettings = {
				ALWAYS_EMBED_SWIFT_STANDARD_LIBRARIES = YES;
				CODE_SIGN_STYLE = Automatic;
				INFOPLIST_FILE = "test-gladeUITests/Info.plist";
				LD_RUNPATH_SEARCH_PATHS = (
					"$(inherited)",
					"@executable_path/Frameworks",
					"@loader_path/Frameworks",
				);
				PRODUCT_BUNDLE_IDENTIFIER = "Allen-Gu.test-gladeUITests";
				PRODUCT_NAME = "$(TARGET_NAME)";
				SWIFT_VERSION = 5.0;
				TARGETED_DEVICE_FAMILY = "1,2";
				TEST_TARGET_NAME = "test-glade";
			};
			name = Debug;
		};
		96CA8006253162D900C221DE /* Release */ = {
			isa = XCBuildConfiguration;
			baseConfigurationReference = 103FE5D1DDCDDA232DAD58F6 /* Pods-test-glade-test-gladeUITests.release.xcconfig */;
			buildSettings = {
				ALWAYS_EMBED_SWIFT_STANDARD_LIBRARIES = YES;
				CODE_SIGN_STYLE = Automatic;
				INFOPLIST_FILE = "test-gladeUITests/Info.plist";
				LD_RUNPATH_SEARCH_PATHS = (
					"$(inherited)",
					"@executable_path/Frameworks",
					"@loader_path/Frameworks",
				);
				PRODUCT_BUNDLE_IDENTIFIER = "Allen-Gu.test-gladeUITests";
				PRODUCT_NAME = "$(TARGET_NAME)";
				SWIFT_VERSION = 5.0;
				TARGETED_DEVICE_FAMILY = "1,2";
				TEST_TARGET_NAME = "test-glade";
			};
			name = Release;
		};
/* End XCBuildConfiguration section */

/* Begin XCConfigurationList section */
		96CA7FCF253162D700C221DE /* Build configuration list for PBXProject "test-glade" */ = {
			isa = XCConfigurationList;
			buildConfigurations = (
				96CA7FFC253162D900C221DE /* Debug */,
				96CA7FFD253162D900C221DE /* Release */,
			);
			defaultConfigurationIsVisible = 0;
			defaultConfigurationName = Release;
		};
		96CA7FFE253162D900C221DE /* Build configuration list for PBXNativeTarget "test-glade" */ = {
			isa = XCConfigurationList;
			buildConfigurations = (
				96CA7FFF253162D900C221DE /* Debug */,
				96CA8000253162D900C221DE /* Release */,
			);
			defaultConfigurationIsVisible = 0;
			defaultConfigurationName = Release;
		};
		96CA8001253162D900C221DE /* Build configuration list for PBXNativeTarget "test-gladeTests" */ = {
			isa = XCConfigurationList;
			buildConfigurations = (
				96CA8002253162D900C221DE /* Debug */,
				96CA8003253162D900C221DE /* Release */,
			);
			defaultConfigurationIsVisible = 0;
			defaultConfigurationName = Release;
		};
		96CA8004253162D900C221DE /* Build configuration list for PBXNativeTarget "test-gladeUITests" */ = {
			isa = XCConfigurationList;
			buildConfigurations = (
				96CA8005253162D900C221DE /* Debug */,
				96CA8006253162D900C221DE /* Release */,
			);
			defaultConfigurationIsVisible = 0;
			defaultConfigurationName = Release;
		};
/* End XCConfigurationList section */
	};
	rootObject = 96CA7FCC253162D700C221DE /* Project object */;
}
